
Microsoft Visual Studio Solution File, Format Version 12.00
# Visual Studio 15
Project("{FAE04EC0-301F-11D3-BF4B-00C04F79EFBC}") = "SimpleTodo.Android", "SimpleTodo.Android\SimpleTodo.Android.csproj", "{0182E71A-1929-4D2A-AFFB-4AD175CE3D5B}"
EndProject
Project("{FAE04EC0-301F-11D3-BF4B-00C04F79EFBC}") = "SimpleTodo.iOS", "SimpleTodo.iOS\SimpleTodo.iOS.csproj", "{D0EDE90B-A58D-43D8-81E6-B93F3F7CC07A}"
EndProject
Project("{FAE04EC0-301F-11D3-BF4B-00C04F79EFBC}") = "SimpleTodo", "SimpleTodo\SimpleTodo.csproj", "{807F5769-4104-4BB2-8B5F-F4733D4DC73E}"
EndProject
Project("{FAE04EC0-301F-11D3-BF4B-00C04F79EFBC}") = "RxRouting", "RxRouting\RxRouting.csproj", "{930421BD-ACFA-48C0-AD3A-09D32B4E4CBA}"
EndProject
Global
	GlobalSection(SolutionConfigurationPlatforms) = preSolution
		Debug|Any CPU = Debug|Any CPU
		Release|Any CPU = Release|Any CPU
		Debug|iPhoneSimulator = Debug|iPhoneSimulator
		Release|iPhoneSimulator = Release|iPhoneSimulator
		Debug|iPhone = Debug|iPhone
		Release|iPhone = Release|iPhone
		Ad-Hoc|iPhone = Ad-Hoc|iPhone
		AppStore|iPhone = AppStore|iPhone
	EndGlobalSection
	GlobalSection(ProjectConfigurationPlatforms) = postSolution
		{0182E71A-1929-4D2A-AFFB-4AD175CE3D5B}.Debug|Any CPU.ActiveCfg = Debug|Any CPU
		{0182E71A-1929-4D2A-AFFB-4AD175CE3D5B}.Debug|Any CPU.Build.0 = Debug|Any CPU
		{0182E71A-1929-4D2A-AFFB-4AD175CE3D5B}.Release|Any CPU.ActiveCfg = Release|Any CPU
		{0182E71A-1929-4D2A-AFFB-4AD175CE3D5B}.Release|Any CPU.Build.0 = Release|Any CPU
		{0182E71A-1929-4D2A-AFFB-4AD175CE3D5B}.Debug|iPhoneSimulator.ActiveCfg = Debug|Any CPU
		{0182E71A-1929-4D2A-AFFB-4AD175CE3D5B}.Debug|iPhoneSimulator.Build.0 = Debug|Any CPU
		{0182E71A-1929-4D2A-AFFB-4AD175CE3D5B}.Release|iPhoneSimulator.ActiveCfg = Release|Any CPU
		{0182E71A-1929-4D2A-AFFB-4AD175CE3D5B}.Release|iPhoneSimulator.Build.0 = Release|Any CPU
		{0182E71A-1929-4D2A-AFFB-4AD175CE3D5B}.Debug|iPhone.ActiveCfg = Debug|Any CPU
		{0182E71A-1929-4D2A-AFFB-4AD175CE3D5B}.Debug|iPhone.Build.0 = Debug|Any CPU
		{0182E71A-1929-4D2A-AFFB-4AD175CE3D5B}.Release|iPhone.ActiveCfg = Release|Any CPU
		{0182E71A-1929-4D2A-AFFB-4AD175CE3D5B}.Release|iPhone.Build.0 = Release|Any CPU
		{0182E71A-1929-4D2A-AFFB-4AD175CE3D5B}.Ad-Hoc|iPhone.ActiveCfg = Debug|Any CPU
		{0182E71A-1929-4D2A-AFFB-4AD175CE3D5B}.Ad-Hoc|iPhone.Build.0 = Debug|Any CPU
		{0182E71A-1929-4D2A-AFFB-4AD175CE3D5B}.AppStore|iPhone.ActiveCfg = Debug|Any CPU
		{0182E71A-1929-4D2A-AFFB-4AD175CE3D5B}.AppStore|iPhone.Build.0 = Debug|Any CPU
		{D0EDE90B-A58D-43D8-81E6-B93F3F7CC07A}.Debug|Any CPU.ActiveCfg = Debug|iPhoneSimulator
		{D0EDE90B-A58D-43D8-81E6-B93F3F7CC07A}.Debug|Any CPU.Build.0 = Debug|iPhoneSimulator
		{D0EDE90B-A58D-43D8-81E6-B93F3F7CC07A}.Release|Any CPU.ActiveCfg = Release|iPhoneSimulator
		{D0EDE90B-A58D-43D8-81E6-B93F3F7CC07A}.Release|Any CPU.Build.0 = Release|iPhoneSimulator
		{D0EDE90B-A58D-43D8-81E6-B93F3F7CC07A}.Debug|iPhoneSimulator.ActiveCfg = Debug|iPhoneSimulator
		{D0EDE90B-A58D-43D8-81E6-B93F3F7CC07A}.Debug|iPhoneSimulator.Build.0 = Debug|iPhoneSimulator
		{D0EDE90B-A58D-43D8-81E6-B93F3F7CC07A}.Release|iPhoneSimulator.ActiveCfg = Release|iPhoneSimulator
		{D0EDE90B-A58D-43D8-81E6-B93F3F7CC07A}.Release|iPhoneSimulator.Build.0 = Release|iPhoneSimulator
		{D0EDE90B-A58D-43D8-81E6-B93F3F7CC07A}.Debug|iPhone.ActiveCfg = Debug|iPhone
		{D0EDE90B-A58D-43D8-81E6-B93F3F7CC07A}.Debug|iPhone.Build.0 = Debug|iPhone
		{D0EDE90B-A58D-43D8-81E6-B93F3F7CC07A}.Release|iPhone.ActiveCfg = Release|iPhone
		{D0EDE90B-A58D-43D8-81E6-B93F3F7CC07A}.Release|iPhone.Build.0 = Release|iPhone
		{D0EDE90B-A58D-43D8-81E6-B93F3F7CC07A}.Ad-Hoc|iPhone.ActiveCfg = Ad-Hoc|iPhone
		{D0EDE90B-A58D-43D8-81E6-B93F3F7CC07A}.Ad-Hoc|iPhone.Build.0 = Ad-Hoc|iPhone
		{D0EDE90B-A58D-43D8-81E6-B93F3F7CC07A}.AppStore|iPhone.ActiveCfg = AppStore|iPhone
		{D0EDE90B-A58D-43D8-81E6-B93F3F7CC07A}.AppStore|iPhone.Build.0 = AppStore|iPhone
		{807F5769-4104-4BB2-8B5F-F4733D4DC73E}.Debug|Any CPU.ActiveCfg = Debug|Any CPU
		{807F5769-4104-4BB2-8B5F-F4733D4DC73E}.Debug|Any CPU.Build.0 = Debug|Any CPU
		{807F5769-4104-4BB2-8B5F-F4733D4DC73E}.Release|Any CPU.ActiveCfg = Release|Any CPU
		{807F5769-4104-4BB2-8B5F-F4733D4DC73E}.Release|Any CPU.Build.0 = Release|Any CPU
		{807F5769-4104-4BB2-8B5F-F4733D4DC73E}.Debug|iPhoneSimulator.ActiveCfg = Debug|Any CPU
		{807F5769-4104-4BB2-8B5F-F4733D4DC73E}.Debug|iPhoneSimulator.Build.0 = Debug|Any CPU
		{807F5769-4104-4BB2-8B5F-F4733D4DC73E}.Release|iPhoneSimulator.ActiveCfg = Release|Any CPU
		{807F5769-4104-4BB2-8B5F-F4733D4DC73E}.Release|iPhoneSimulator.Build.0 = Release|Any CPU
		{807F5769-4104-4BB2-8B5F-F4733D4DC73E}.Debug|iPhone.ActiveCfg = Debug|Any CPU
		{807F5769-4104-4BB2-8B5F-F4733D4DC73E}.Debug|iPhone.Build.0 = Debug|Any CPU
		{807F5769-4104-4BB2-8B5F-F4733D4DC73E}.Release|iPhone.ActiveCfg = Release|Any CPU
		{807F5769-4104-4BB2-8B5F-F4733D4DC73E}.Release|iPhone.Build.0 = Release|Any CPU
		{807F5769-4104-4BB2-8B5F-F4733D4DC73E}.Ad-Hoc|iPhone.ActiveCfg = Debug|Any CPU
		{807F5769-4104-4BB2-8B5F-F4733D4DC73E}.Ad-Hoc|iPhone.Build.0 = Debug|Any CPU
		{807F5769-4104-4BB2-8B5F-F4733D4DC73E}.AppStore|iPhone.ActiveCfg = Debug|Any CPU
		{807F5769-4104-4BB2-8B5F-F4733D4DC73E}.AppStore|iPhone.Build.0 = Debug|Any CPU
		{930421BD-ACFA-48C0-AD3A-09D32B4E4CBA}.Debug|Any CPU.ActiveCfg = Debug|Any CPU
		{930421BD-ACFA-48C0-AD3A-09D32B4E4CBA}.Debug|Any CPU.Build.0 = Debug|Any CPU
		{930421BD-ACFA-48C0-AD3A-09D32B4E4CBA}.Release|Any CPU.ActiveCfg = Release|Any CPU
		{930421BD-ACFA-48C0-AD3A-09D32B4E4CBA}.Release|Any CPU.Build.0 = Release|Any CPU
		{930421BD-ACFA-48C0-AD3A-09D32B4E4CBA}.Debug|iPhoneSimulator.ActiveCfg = Debug|Any CPU
		{930421BD-ACFA-48C0-AD3A-09D32B4E4CBA}.Debug|iPhoneSimulator.Build.0 = Debug|Any CPU
		{930421BD-ACFA-48C0-AD3A-09D32B4E4CBA}.Release|iPhoneSimulator.ActiveCfg = Release|Any CPU
		{930421BD-ACFA-48C0-AD3A-09D32B4E4CBA}.Release|iPhoneSimulator.Build.0 = Release|Any CPU
		{930421BD-ACFA-48C0-AD3A-09D32B4E4CBA}.Debug|iPhone.ActiveCfg = Debug|Any CPU
		{930421BD-ACFA-48C0-AD3A-09D32B4E4CBA}.Debug|iPhone.Build.0 = Debug|Any CPU
		{930421BD-ACFA-48C0-AD3A-09D32B4E4CBA}.Release|iPhone.ActiveCfg = Release|Any CPU
		{930421BD-ACFA-48C0-AD3A-09D32B4E4CBA}.Release|iPhone.Build.0 = Release|Any CPU
		{930421BD-ACFA-48C0-AD3A-09D32B4E4CBA}.Ad-Hoc|iPhone.ActiveCfg = Release|Any CPU
		{930421BD-ACFA-48C0-AD3A-09D32B4E4CBA}.Ad-Hoc|iPhone.Build.0 = Release|Any CPU
		{930421BD-ACFA-48C0-AD3A-09D32B4E4CBA}.AppStore|iPhone.ActiveCfg = Release|Any CPU
		{930421BD-ACFA-48C0-AD3A-09D32B4E4CBA}.AppStore|iPhone.Build.0 = Release|Any CPU
	EndGlobalSection
	GlobalSection(MonoDevelopProperties) = preSolution
		version = 1.0.0.0
	EndGlobalSection
EndGlobal
