Microsoft Visual Studio Solution File, Format Version 12.00
# Visual Studio 15
VisualStudioVersion = 15.0.28010.2041
MinimumVisualStudioVersion = 10.0.40219.1
Project("{FAE04EC0-301F-11D3-BF4B-00C04F79EFBC}") = "SimpleTodo.Android", "SimpleTodo.Android\SimpleTodo.Android.csproj", "{F881AD54-05DA-4923-9073-8ADB70779E13}"
EndProject
Project("{FAE04EC0-301F-11D3-BF4B-00C04F79EFBC}") = "SimpleTodo.iOS", "SimpleTodo.iOS\SimpleTodo.iOS.csproj", "{7B5530EA-A1E1-4624-999F-2F592F5EA81E}"
EndProject
Project("{FAE04EC0-301F-11D3-BF4B-00C04F79EFBC}") = "SimpleTodo", "SimpleTodo\SimpleTodo.csproj", "{87A8530B-5756-4E15-9048-1421E5B085DC}"
EndProject
Project("{FAE04EC0-301F-11D3-BF4B-00C04F79EFBC}") = "SetupMasterDbFile", "SetupMasterDbFile\SetupMasterDbFile.csproj", "{21EF6DD1-EDF3-4A82-B058-064AFEB73832}"
EndProject
Global
	GlobalSection(SolutionConfigurationPlatforms) = preSolution
		Ad-Hoc|Any CPU = Ad-Hoc|Any CPU
		Ad-Hoc|iPhone = Ad-Hoc|iPhone
		Ad-Hoc|iPhoneSimulator = Ad-Hoc|iPhoneSimulator
		AppStore|Any CPU = AppStore|Any CPU
		AppStore|iPhone = AppStore|iPhone
		AppStore|iPhoneSimulator = AppStore|iPhoneSimulator
		Debug|Any CPU = Debug|Any CPU
		Debug|iPhone = Debug|iPhone
		Debug|iPhoneSimulator = Debug|iPhoneSimulator
		Release|Any CPU = Release|Any CPU
		Release|iPhone = Release|iPhone
		Release|iPhoneSimulator = Release|iPhoneSimulator
	EndGlobalSection
	GlobalSection(ProjectConfigurationPlatforms) = postSolution
		{F881AD54-05DA-4923-9073-8ADB70779E13}.Ad-Hoc|Any CPU.ActiveCfg = Release|Any CPU
		{F881AD54-05DA-4923-9073-8ADB70779E13}.Ad-Hoc|Any CPU.Build.0 = Release|Any CPU
		{F881AD54-05DA-4923-9073-8ADB70779E13}.Ad-Hoc|Any CPU.Deploy.0 = Release|Any CPU
		{F881AD54-05DA-4923-9073-8ADB70779E13}.Ad-Hoc|iPhone.ActiveCfg = Debug|Any CPU
		{F881AD54-05DA-4923-9073-8ADB70779E13}.Ad-Hoc|iPhone.Build.0 = Debug|Any CPU
		{F881AD54-05DA-4923-9073-8ADB70779E13}.Ad-Hoc|iPhoneSimulator.ActiveCfg = Release|Any CPU
		{F881AD54-05DA-4923-9073-8ADB70779E13}.Ad-Hoc|iPhoneSimulator.Build.0 = Release|Any CPU
		{F881AD54-05DA-4923-9073-8ADB70779E13}.Ad-Hoc|iPhoneSimulator.Deploy.0 = Release|Any CPU
		{F881AD54-05DA-4923-9073-8ADB70779E13}.AppStore|Any CPU.ActiveCfg = Release|Any CPU
		{F881AD54-05DA-4923-9073-8ADB70779E13}.AppStore|Any CPU.Build.0 = Release|Any CPU
		{F881AD54-05DA-4923-9073-8ADB70779E13}.AppStore|Any CPU.Deploy.0 = Release|Any CPU
		{F881AD54-05DA-4923-9073-8ADB70779E13}.AppStore|iPhone.ActiveCfg = Debug|Any CPU
		{F881AD54-05DA-4923-9073-8ADB70779E13}.AppStore|iPhone.Build.0 = Debug|Any CPU
		{F881AD54-05DA-4923-9073-8ADB70779E13}.AppStore|iPhoneSimulator.ActiveCfg = Release|Any CPU
		{F881AD54-05DA-4923-9073-8ADB70779E13}.AppStore|iPhoneSimulator.Build.0 = Release|Any CPU
		{F881AD54-05DA-4923-9073-8ADB70779E13}.AppStore|iPhoneSimulator.Deploy.0 = Release|Any CPU
		{F881AD54-05DA-4923-9073-8ADB70779E13}.Debug|Any CPU.ActiveCfg = Debug|Any CPU
		{F881AD54-05DA-4923-9073-8ADB70779E13}.Debug|Any CPU.Build.0 = Debug|Any CPU
		{F881AD54-05DA-4923-9073-8ADB70779E13}.Debug|iPhone.ActiveCfg = Debug|Any CPU
		{F881AD54-05DA-4923-9073-8ADB70779E13}.Debug|iPhone.Build.0 = Debug|Any CPU
		{F881AD54-05DA-4923-9073-8ADB70779E13}.Debug|iPhoneSimulator.ActiveCfg = Debug|Any CPU
		{F881AD54-05DA-4923-9073-8ADB70779E13}.Debug|iPhoneSimulator.Build.0 = Debug|Any CPU
		{F881AD54-05DA-4923-9073-8ADB70779E13}.Release|Any CPU.ActiveCfg = Release|Any CPU
		{F881AD54-05DA-4923-9073-8ADB70779E13}.Release|Any CPU.Build.0 = Release|Any CPU
		{F881AD54-05DA-4923-9073-8ADB70779E13}.Release|iPhone.ActiveCfg = Release|Any CPU
		{F881AD54-05DA-4923-9073-8ADB70779E13}.Release|iPhone.Build.0 = Release|Any CPU
		{F881AD54-05DA-4923-9073-8ADB70779E13}.Release|iPhoneSimulator.ActiveCfg = Release|Any CPU
		{F881AD54-05DA-4923-9073-8ADB70779E13}.Release|iPhoneSimulator.Build.0 = Release|Any CPU
		{7B5530EA-A1E1-4624-999F-2F592F5EA81E}.Ad-Hoc|Any CPU.ActiveCfg = Ad-Hoc|iPhoneSimulator
		{7B5530EA-A1E1-4624-999F-2F592F5EA81E}.Ad-Hoc|iPhone.ActiveCfg = Ad-Hoc|iPhone
		{7B5530EA-A1E1-4624-999F-2F592F5EA81E}.Ad-Hoc|iPhone.Build.0 = Ad-Hoc|iPhone
		{7B5530EA-A1E1-4624-999F-2F592F5EA81E}.Ad-Hoc|iPhoneSimulator.ActiveCfg = Ad-Hoc|iPhoneSimulator
		{7B5530EA-A1E1-4624-999F-2F592F5EA81E}.Ad-Hoc|iPhoneSimulator.Build.0 = Ad-Hoc|iPhoneSimulator
		{7B5530EA-A1E1-4624-999F-2F592F5EA81E}.AppStore|Any CPU.ActiveCfg = AppStore|iPhoneSimulator
		{7B5530EA-A1E1-4624-999F-2F592F5EA81E}.AppStore|iPhone.ActiveCfg = AppStore|iPhone
		{7B5530EA-A1E1-4624-999F-2F592F5EA81E}.AppStore|iPhone.Build.0 = AppStore|iPhone
		{7B5530EA-A1E1-4624-999F-2F592F5EA81E}.AppStore|iPhoneSimulator.ActiveCfg = AppStore|iPhoneSimulator
		{7B5530EA-A1E1-4624-999F-2F592F5EA81E}.AppStore|iPhoneSimulator.Build.0 = AppStore|iPhoneSimulator
		{7B5530EA-A1E1-4624-999F-2F592F5EA81E}.Debug|Any CPU.ActiveCfg = Debug|iPhoneSimulator
		{7B5530EA-A1E1-4624-999F-2F592F5EA81E}.Debug|Any CPU.Build.0 = Debug|iPhoneSimulator
		{7B5530EA-A1E1-4624-999F-2F592F5EA81E}.Debug|iPhone.ActiveCfg = Debug|iPhone
		{7B5530EA-A1E1-4624-999F-2F592F5EA81E}.Debug|iPhone.Build.0 = Debug|iPhone
		{7B5530EA-A1E1-4624-999F-2F592F5EA81E}.Debug|iPhoneSimulator.ActiveCfg = Debug|iPhoneSimulator
		{7B5530EA-A1E1-4624-999F-2F592F5EA81E}.Debug|iPhoneSimulator.Build.0 = Debug|iPhoneSimulator
		{7B5530EA-A1E1-4624-999F-2F592F5EA81E}.Release|Any CPU.ActiveCfg = Release|iPhoneSimulator
		{7B5530EA-A1E1-4624-999F-2F592F5EA81E}.Release|Any CPU.Build.0 = Release|iPhoneSimulator
		{7B5530EA-A1E1-4624-999F-2F592F5EA81E}.Release|iPhone.ActiveCfg = Release|iPhone
		{7B5530EA-A1E1-4624-999F-2F592F5EA81E}.Release|iPhone.Build.0 = Release|iPhone
		{7B5530EA-A1E1-4624-999F-2F592F5EA81E}.Release|iPhoneSimulator.ActiveCfg = Release|iPhoneSimulator
		{7B5530EA-A1E1-4624-999F-2F592F5EA81E}.Release|iPhoneSimulator.Build.0 = Release|iPhoneSimulator
		{87A8530B-5756-4E15-9048-1421E5B085DC}.Ad-Hoc|Any CPU.ActiveCfg = Release|Any CPU
		{87A8530B-5756-4E15-9048-1421E5B085DC}.Ad-Hoc|Any CPU.Build.0 = Release|Any CPU
		{87A8530B-5756-4E15-9048-1421E5B085DC}.Ad-Hoc|iPhone.ActiveCfg = Debug|Any CPU
		{87A8530B-5756-4E15-9048-1421E5B085DC}.Ad-Hoc|iPhone.Build.0 = Debug|Any CPU
		{87A8530B-5756-4E15-9048-1421E5B085DC}.Ad-Hoc|iPhoneSimulator.ActiveCfg = Release|Any CPU
		{87A8530B-5756-4E15-9048-1421E5B085DC}.Ad-Hoc|iPhoneSimulator.Build.0 = Release|Any CPU
		{87A8530B-5756-4E15-9048-1421E5B085DC}.AppStore|Any CPU.ActiveCfg = Release|Any CPU
		{87A8530B-5756-4E15-9048-1421E5B085DC}.AppStore|Any CPU.Build.0 = Release|Any CPU
		{87A8530B-5756-4E15-9048-1421E5B085DC}.AppStore|iPhone.ActiveCfg = Debug|Any CPU
		{87A8530B-5756-4E15-9048-1421E5B085DC}.AppStore|iPhone.Build.0 = Debug|Any CPU
		{87A8530B-5756-4E15-9048-1421E5B085DC}.AppStore|iPhoneSimulator.ActiveCfg = Release|Any CPU
		{87A8530B-5756-4E15-9048-1421E5B085DC}.AppStore|iPhoneSimulator.Build.0 = Release|Any CPU
		{87A8530B-5756-4E15-9048-1421E5B085DC}.Debug|Any CPU.ActiveCfg = Debug|Any CPU
		{87A8530B-5756-4E15-9048-1421E5B085DC}.Debug|Any CPU.Build.0 = Debug|Any CPU
		{87A8530B-5756-4E15-9048-1421E5B085DC}.Debug|iPhone.ActiveCfg = Debug|Any CPU
		{87A8530B-5756-4E15-9048-1421E5B085DC}.Debug|iPhone.Build.0 = Debug|Any CPU
		{87A8530B-5756-4E15-9048-1421E5B085DC}.Debug|iPhoneSimulator.ActiveCfg = Debug|Any CPU
		{87A8530B-5756-4E15-9048-1421E5B085DC}.Debug|iPhoneSimulator.Build.0 = Debug|Any CPU
		{87A8530B-5756-4E15-9048-1421E5B085DC}.Release|Any CPU.ActiveCfg = Release|Any CPU
		{87A8530B-5756-4E15-9048-1421E5B085DC}.Release|Any CPU.Build.0 = Release|Any CPU
		{87A8530B-5756-4E15-9048-1421E5B085DC}.Release|iPhone.ActiveCfg = Release|Any CPU
		{87A8530B-5756-4E15-9048-1421E5B085DC}.Release|iPhone.Build.0 = Release|Any CPU
		{87A8530B-5756-4E15-9048-1421E5B085DC}.Release|iPhoneSimulator.ActiveCfg = Release|Any CPU
		{87A8530B-5756-4E15-9048-1421E5B085DC}.Release|iPhoneSimulator.Build.0 = Release|Any CPU
		{21EF6DD1-EDF3-4A82-B058-064AFEB73832}.Ad-Hoc|Any CPU.ActiveCfg = Release|Any CPU
		{21EF6DD1-EDF3-4A82-B058-064AFEB73832}.Ad-Hoc|Any CPU.Build.0 = Release|Any CPU
		{21EF6DD1-EDF3-4A82-B058-064AFEB73832}.Ad-Hoc|iPhone.ActiveCfg = Debug|Any CPU
		{21EF6DD1-EDF3-4A82-B058-064AFEB73832}.Ad-Hoc|iPhone.Build.0 = Debug|Any CPU
		{21EF6DD1-EDF3-4A82-B058-064AFEB73832}.Ad-Hoc|iPhoneSimulator.ActiveCfg = Release|Any CPU
		{21EF6DD1-EDF3-4A82-B058-064AFEB73832}.Ad-Hoc|iPhoneSimulator.Build.0 = Release|Any CPU
		{21EF6DD1-EDF3-4A82-B058-064AFEB73832}.AppStore|Any CPU.ActiveCfg = Release|Any CPU
		{21EF6DD1-EDF3-4A82-B058-064AFEB73832}.AppStore|Any CPU.Build.0 = Release|Any CPU
		{21EF6DD1-EDF3-4A82-B058-064AFEB73832}.AppStore|iPhone.ActiveCfg = Debug|Any CPU
		{21EF6DD1-EDF3-4A82-B058-064AFEB73832}.AppStore|iPhone.Build.0 = Debug|Any CPU
		{21EF6DD1-EDF3-4A82-B058-064AFEB73832}.AppStore|iPhoneSimulator.ActiveCfg = Release|Any CPU
		{21EF6DD1-EDF3-4A82-B058-064AFEB73832}.AppStore|iPhoneSimulator.Build.0 = Release|Any CPU
		{21EF6DD1-EDF3-4A82-B058-064AFEB73832}.Debug|Any CPU.ActiveCfg = Debug|Any CPU
		{21EF6DD1-EDF3-4A82-B058-064AFEB73832}.Debug|Any CPU.Build.0 = Debug|Any CPU
		{21EF6DD1-EDF3-4A82-B058-064AFEB73832}.Debug|iPhone.ActiveCfg = Debug|Any CPU
		{21EF6DD1-EDF3-4A82-B058-064AFEB73832}.Debug|iPhone.Build.0 = Debug|Any CPU
		{21EF6DD1-EDF3-4A82-B058-064AFEB73832}.Debug|iPhoneSimulator.ActiveCfg = Debug|Any CPU
		{21EF6DD1-EDF3-4A82-B058-064AFEB73832}.Debug|iPhoneSimulator.Build.0 = Debug|Any CPU
		{21EF6DD1-EDF3-4A82-B058-064AFEB73832}.Release|Any CPU.ActiveCfg = Release|Any CPU
		{21EF6DD1-EDF3-4A82-B058-064AFEB73832}.Release|Any CPU.Build.0 = Release|Any CPU
		{21EF6DD1-EDF3-4A82-B058-064AFEB73832}.Release|iPhone.ActiveCfg = Release|Any CPU
		{21EF6DD1-EDF3-4A82-B058-064AFEB73832}.Release|iPhone.Build.0 = Release|Any CPU
		{21EF6DD1-EDF3-4A82-B058-064AFEB73832}.Release|iPhoneSimulator.ActiveCfg = Release|Any CPU
		{21EF6DD1-EDF3-4A82-B058-064AFEB73832}.Release|iPhoneSimulator.Build.0 = Release|Any CPU
	EndGlobalSection
	GlobalSection(SolutionProperties) = preSolution
		HideSolutionNode = FALSE
	EndGlobalSection
	GlobalSection(ExtensibilityGlobals) = postSolution
		SolutionGuid = {3347D745-2128-46F4-B664-C009255160FD}
	EndGlobalSection
EndGlobal
